
Microsoft Visual Studio Solution File, Format Version 12.00
# Visual Studio 15
VisualStudioVersion = 15.0.27130.2036
MinimumVisualStudioVersion = 10.0.40219.1
Project("{2150E333-8FDC-42A3-9474-1A3956D46DE8}") = "Tests", "Tests", "{9314741A-F84D-427F-8C3D-067B0306399E}"
EndProject
Project("{2150E333-8FDC-42A3-9474-1A3956D46DE8}") = ".nuget", ".nuget", "{3DE9211A-49A9-4760-A577-6131BE90780D}"
	ProjectSection(SolutionItems) = preProject
		.nuget\NuGet.Config = .nuget\NuGet.Config
		.nuget\NuGet.exe = .nuget\NuGet.exe
		.nuget\NuGet.targets = .nuget\NuGet.targets
		.nuget\packages.config = .nuget\packages.config
	EndProjectSection
EndProject
Project("{FAE04EC0-301F-11D3-BF4B-00C04F79EFBC}") = "uWebshop.Test", "Tests\uWebshop.Test\uWebshop.Test.csproj", "{2BC4F96F-4987-4935-A2F7-2A8D249BC4E1}"
EndProject
Project("{FAE04EC0-301F-11D3-BF4B-00C04F79EFBC}") = "uWebshop.Test.Integration", "Tests\uWebshop.Test.Integration\uWebshop.Test.Integration.csproj", "{6701E29A-B4EB-42F2-B724-6969014FE2F5}"
EndProject
Project("{FAE04EC0-301F-11D3-BF4B-00C04F79EFBC}") = "uWebshop.Umbraco.Test", "Tests\uWebshop.Umbraco.Test\uWebshop.Umbraco.Test.csproj", "{DD68919F-3272-4093-B62C-1DE18894C305}"
EndProject
Project("{2150E333-8FDC-42A3-9474-1A3956D46DE8}") = "Core", "Core", "{1A5F61C5-32E7-4D55-99FD-38F5E6A2F2DE}"
EndProject
Project("{FAE04EC0-301F-11D3-BF4B-00C04F79EFBC}") = "uWebshop.Common", "Core\uWebshop.Common\uWebshop.Common.csproj", "{61EEF91B-22ED-48F0-83EB-CDC7431C5BDE}"
EndProject
Project("{FAE04EC0-301F-11D3-BF4B-00C04F79EFBC}") = "uWebshop.DataAccess", "Core\uWebshop.DataAccess\uWebshop.DataAccess.csproj", "{3CF8EE6F-506F-4D47-8368-D6C6B9FA42E3}"
EndProject
Project("{FAE04EC0-301F-11D3-BF4B-00C04F79EFBC}") = "uWebshop.Domain", "Core\uWebshop.Domain\uWebshop.Domain.csproj", "{30AC1FB6-EB29-4E4E-92C4-0481C503215C}"
EndProject
Project("{FAE04EC0-301F-11D3-BF4B-00C04F79EFBC}") = "uWebshop.Services", "Core\uWebshop.Services\uWebshop.Services.csproj", "{D08E0834-B25A-40A5-9C8E-31D4FB050DF4}"
EndProject
Project("{2150E333-8FDC-42A3-9474-1A3956D46DE8}") = "Umbraco", "Umbraco", "{7263F61A-8B59-4CBC-9E22-A6D80B581761}"
EndProject
Project("{FAE04EC0-301F-11D3-BF4B-00C04F79EFBC}") = "uWebshop.Umbraco", "Umbraco\uWebshop.Umbraco\uWebshop.Umbraco.csproj", "{2C03A3A4-3380-4F6D-8C68-24E60A77E989}"
	ProjectSection(ProjectDependencies) = postProject
		{D08E0834-B25A-40A5-9C8E-31D4FB050DF4} = {D08E0834-B25A-40A5-9C8E-31D4FB050DF4}
	EndProjectSection
EndProject
Project("{FAE04EC0-301F-11D3-BF4B-00C04F79EFBC}") = "uWebshop.BuildProject", "Umbraco\uWebshop.BuildProject\uWebshop.BuildProject.csproj", "{B926738C-23ED-4F98-8515-669EAC0D7ED8}"
EndProject
Project("{FAE04EC0-301F-11D3-BF4B-00C04F79EFBC}") = "uWebshop.Azure", "Core\uWebshop.Azure\uWebshop.Azure.csproj", "{774724E6-7D0A-4A21-9A21-436872928932}"
EndProject
Project("{FAE04EC0-301F-11D3-BF4B-00C04F79EFBC}") = "uWebshop.Umbraco7", "Umbraco\uWebshop.Umbraco7\uWebshop.Umbraco7.csproj", "{B63C9A57-9B26-4E51-8D24-E799FEF3555C}"
EndProject
Project("{2150E333-8FDC-42A3-9474-1A3956D46DE8}") = "Solution Items", "Solution Items", "{3E85352F-37C5-4DFB-964C-B4FC8B036DCB}"
	ProjectSection(SolutionItems) = preProject
		.editorconfig = .editorconfig
		.gitignore = .gitignore
		appveyor.yml = appveyor.yml
		README.md = README.md
	EndProjectSection
EndProject
Global
	GlobalSection(SolutionConfigurationPlatforms) = preSolution
		Debug|Any CPU = Debug|Any CPU
		Release (2.0)|Any CPU = Release (2.0)|Any CPU
		Release (4.0)|Any CPU = Release (4.0)|Any CPU
		Release|Any CPU = Release|Any CPU
		V35|Any CPU = V35|Any CPU
		V4|Any CPU = V4|Any CPU
	EndGlobalSection
	GlobalSection(ProjectConfigurationPlatforms) = postSolution
		{2BC4F96F-4987-4935-A2F7-2A8D249BC4E1}.Debug|Any CPU.ActiveCfg = Debug|Any CPU
		{2BC4F96F-4987-4935-A2F7-2A8D249BC4E1}.Debug|Any CPU.Build.0 = Debug|Any CPU
		{2BC4F96F-4987-4935-A2F7-2A8D249BC4E1}.Release (2.0)|Any CPU.ActiveCfg = Release|Any CPU
		{2BC4F96F-4987-4935-A2F7-2A8D249BC4E1}.Release (2.0)|Any CPU.Build.0 = Release|Any CPU
		{2BC4F96F-4987-4935-A2F7-2A8D249BC4E1}.Release (4.0)|Any CPU.ActiveCfg = Release|Any CPU
		{2BC4F96F-4987-4935-A2F7-2A8D249BC4E1}.Release (4.0)|Any CPU.Build.0 = Release|Any CPU
		{2BC4F96F-4987-4935-A2F7-2A8D249BC4E1}.Release|Any CPU.ActiveCfg = Release|Any CPU
		{2BC4F96F-4987-4935-A2F7-2A8D249BC4E1}.Release|Any CPU.Build.0 = Release|Any CPU
		{2BC4F96F-4987-4935-A2F7-2A8D249BC4E1}.V35|Any CPU.ActiveCfg = Release|Any CPU
		{2BC4F96F-4987-4935-A2F7-2A8D249BC4E1}.V35|Any CPU.Build.0 = Release|Any CPU
		{2BC4F96F-4987-4935-A2F7-2A8D249BC4E1}.V4|Any CPU.ActiveCfg = Release|Any CPU
		{2BC4F96F-4987-4935-A2F7-2A8D249BC4E1}.V4|Any CPU.Build.0 = Release|Any CPU
		{6701E29A-B4EB-42F2-B724-6969014FE2F5}.Debug|Any CPU.ActiveCfg = Debug|Any CPU
		{6701E29A-B4EB-42F2-B724-6969014FE2F5}.Debug|Any CPU.Build.0 = Debug|Any CPU
		{6701E29A-B4EB-42F2-B724-6969014FE2F5}.Release (2.0)|Any CPU.ActiveCfg = Release|Any CPU
		{6701E29A-B4EB-42F2-B724-6969014FE2F5}.Release (2.0)|Any CPU.Build.0 = Release|Any CPU
		{6701E29A-B4EB-42F2-B724-6969014FE2F5}.Release (4.0)|Any CPU.ActiveCfg = Release|Any CPU
		{6701E29A-B4EB-42F2-B724-6969014FE2F5}.Release (4.0)|Any CPU.Build.0 = Release|Any CPU
		{6701E29A-B4EB-42F2-B724-6969014FE2F5}.Release|Any CPU.ActiveCfg = Release|Any CPU
		{6701E29A-B4EB-42F2-B724-6969014FE2F5}.Release|Any CPU.Build.0 = Release|Any CPU
		{6701E29A-B4EB-42F2-B724-6969014FE2F5}.V35|Any CPU.ActiveCfg = Release|Any CPU
		{6701E29A-B4EB-42F2-B724-6969014FE2F5}.V35|Any CPU.Build.0 = Release|Any CPU
		{6701E29A-B4EB-42F2-B724-6969014FE2F5}.V4|Any CPU.ActiveCfg = Release|Any CPU
		{6701E29A-B4EB-42F2-B724-6969014FE2F5}.V4|Any CPU.Build.0 = Release|Any CPU
		{DD68919F-3272-4093-B62C-1DE18894C305}.Debug|Any CPU.ActiveCfg = Debug|Any CPU
		{DD68919F-3272-4093-B62C-1DE18894C305}.Debug|Any CPU.Build.0 = Debug|Any CPU
		{DD68919F-3272-4093-B62C-1DE18894C305}.Release (2.0)|Any CPU.ActiveCfg = Release|Any CPU
		{DD68919F-3272-4093-B62C-1DE18894C305}.Release (2.0)|Any CPU.Build.0 = Release|Any CPU
		{DD68919F-3272-4093-B62C-1DE18894C305}.Release (4.0)|Any CPU.ActiveCfg = Release|Any CPU
		{DD68919F-3272-4093-B62C-1DE18894C305}.Release (4.0)|Any CPU.Build.0 = Release|Any CPU
		{DD68919F-3272-4093-B62C-1DE18894C305}.Release|Any CPU.ActiveCfg = Release|Any CPU
		{DD68919F-3272-4093-B62C-1DE18894C305}.Release|Any CPU.Build.0 = Release|Any CPU
		{DD68919F-3272-4093-B62C-1DE18894C305}.V35|Any CPU.ActiveCfg = Release|Any CPU
		{DD68919F-3272-4093-B62C-1DE18894C305}.V35|Any CPU.Build.0 = Release|Any CPU
		{DD68919F-3272-4093-B62C-1DE18894C305}.V4|Any CPU.ActiveCfg = Release|Any CPU
		{DD68919F-3272-4093-B62C-1DE18894C305}.V4|Any CPU.Build.0 = Release|Any CPU
		{61EEF91B-22ED-48F0-83EB-CDC7431C5BDE}.Debug|Any CPU.ActiveCfg = Debug|Any CPU
		{61EEF91B-22ED-48F0-83EB-CDC7431C5BDE}.Debug|Any CPU.Build.0 = Debug|Any CPU
		{61EEF91B-22ED-48F0-83EB-CDC7431C5BDE}.Release (2.0)|Any CPU.ActiveCfg = Release|Any CPU
		{61EEF91B-22ED-48F0-83EB-CDC7431C5BDE}.Release (2.0)|Any CPU.Build.0 = Release|Any CPU
		{61EEF91B-22ED-48F0-83EB-CDC7431C5BDE}.Release (4.0)|Any CPU.ActiveCfg = Release|Any CPU
		{61EEF91B-22ED-48F0-83EB-CDC7431C5BDE}.Release (4.0)|Any CPU.Build.0 = Release|Any CPU
		{61EEF91B-22ED-48F0-83EB-CDC7431C5BDE}.Release|Any CPU.ActiveCfg = Release|Any CPU
		{61EEF91B-22ED-48F0-83EB-CDC7431C5BDE}.Release|Any CPU.Build.0 = Release|Any CPU
		{61EEF91B-22ED-48F0-83EB-CDC7431C5BDE}.V35|Any CPU.ActiveCfg = Release|Any CPU
		{61EEF91B-22ED-48F0-83EB-CDC7431C5BDE}.V35|Any CPU.Build.0 = Release|Any CPU
		{61EEF91B-22ED-48F0-83EB-CDC7431C5BDE}.V4|Any CPU.ActiveCfg = Release|Any CPU
		{61EEF91B-22ED-48F0-83EB-CDC7431C5BDE}.V4|Any CPU.Build.0 = Release|Any CPU
		{3CF8EE6F-506F-4D47-8368-D6C6B9FA42E3}.Debug|Any CPU.ActiveCfg = Debug|Any CPU
		{3CF8EE6F-506F-4D47-8368-D6C6B9FA42E3}.Debug|Any CPU.Build.0 = Debug|Any CPU
		{3CF8EE6F-506F-4D47-8368-D6C6B9FA42E3}.Release (2.0)|Any CPU.ActiveCfg = Release|Any CPU
		{3CF8EE6F-506F-4D47-8368-D6C6B9FA42E3}.Release (2.0)|Any CPU.Build.0 = Release|Any CPU
		{3CF8EE6F-506F-4D47-8368-D6C6B9FA42E3}.Release (4.0)|Any CPU.ActiveCfg = Release|Any CPU
		{3CF8EE6F-506F-4D47-8368-D6C6B9FA42E3}.Release (4.0)|Any CPU.Build.0 = Release|Any CPU
		{3CF8EE6F-506F-4D47-8368-D6C6B9FA42E3}.Release|Any CPU.ActiveCfg = Release|Any CPU
		{3CF8EE6F-506F-4D47-8368-D6C6B9FA42E3}.Release|Any CPU.Build.0 = Release|Any CPU
		{3CF8EE6F-506F-4D47-8368-D6C6B9FA42E3}.V35|Any CPU.ActiveCfg = Release|Any CPU
		{3CF8EE6F-506F-4D47-8368-D6C6B9FA42E3}.V35|Any CPU.Build.0 = Release|Any CPU
		{3CF8EE6F-506F-4D47-8368-D6C6B9FA42E3}.V4|Any CPU.ActiveCfg = Release|Any CPU
		{3CF8EE6F-506F-4D47-8368-D6C6B9FA42E3}.V4|Any CPU.Build.0 = Release|Any CPU
		{30AC1FB6-EB29-4E4E-92C4-0481C503215C}.Debug|Any CPU.ActiveCfg = Debug|Any CPU
		{30AC1FB6-EB29-4E4E-92C4-0481C503215C}.Debug|Any CPU.Build.0 = Debug|Any CPU
		{30AC1FB6-EB29-4E4E-92C4-0481C503215C}.Release (2.0)|Any CPU.ActiveCfg = Release|Any CPU
		{30AC1FB6-EB29-4E4E-92C4-0481C503215C}.Release (2.0)|Any CPU.Build.0 = Release|Any CPU
		{30AC1FB6-EB29-4E4E-92C4-0481C503215C}.Release (4.0)|Any CPU.ActiveCfg = Release|Any CPU
		{30AC1FB6-EB29-4E4E-92C4-0481C503215C}.Release (4.0)|Any CPU.Build.0 = Release|Any CPU
		{30AC1FB6-EB29-4E4E-92C4-0481C503215C}.Release|Any CPU.ActiveCfg = Release|Any CPU
		{30AC1FB6-EB29-4E4E-92C4-0481C503215C}.Release|Any CPU.Build.0 = Release|Any CPU
		{30AC1FB6-EB29-4E4E-92C4-0481C503215C}.V35|Any CPU.ActiveCfg = Release|Any CPU
		{30AC1FB6-EB29-4E4E-92C4-0481C503215C}.V35|Any CPU.Build.0 = Release|Any CPU
		{30AC1FB6-EB29-4E4E-92C4-0481C503215C}.V4|Any CPU.ActiveCfg = Release|Any CPU
		{30AC1FB6-EB29-4E4E-92C4-0481C503215C}.V4|Any CPU.Build.0 = Release|Any CPU
		{D08E0834-B25A-40A5-9C8E-31D4FB050DF4}.Debug|Any CPU.ActiveCfg = Debug|Any CPU
		{D08E0834-B25A-40A5-9C8E-31D4FB050DF4}.Debug|Any CPU.Build.0 = Debug|Any CPU
		{D08E0834-B25A-40A5-9C8E-31D4FB050DF4}.Release (2.0)|Any CPU.ActiveCfg = Release|Any CPU
		{D08E0834-B25A-40A5-9C8E-31D4FB050DF4}.Release (2.0)|Any CPU.Build.0 = Release|Any CPU
		{D08E0834-B25A-40A5-9C8E-31D4FB050DF4}.Release (4.0)|Any CPU.ActiveCfg = Release|Any CPU
		{D08E0834-B25A-40A5-9C8E-31D4FB050DF4}.Release (4.0)|Any CPU.Build.0 = Release|Any CPU
		{D08E0834-B25A-40A5-9C8E-31D4FB050DF4}.Release|Any CPU.ActiveCfg = Release|Any CPU
		{D08E0834-B25A-40A5-9C8E-31D4FB050DF4}.Release|Any CPU.Build.0 = Release|Any CPU
		{D08E0834-B25A-40A5-9C8E-31D4FB050DF4}.V35|Any CPU.ActiveCfg = Release|Any CPU
		{D08E0834-B25A-40A5-9C8E-31D4FB050DF4}.V35|Any CPU.Build.0 = Release|Any CPU
		{D08E0834-B25A-40A5-9C8E-31D4FB050DF4}.V4|Any CPU.ActiveCfg = Release|Any CPU
		{D08E0834-B25A-40A5-9C8E-31D4FB050DF4}.V4|Any CPU.Build.0 = Release|Any CPU
		{2C03A3A4-3380-4F6D-8C68-24E60A77E989}.Debug|Any CPU.ActiveCfg = Debug|Any CPU
		{2C03A3A4-3380-4F6D-8C68-24E60A77E989}.Debug|Any CPU.Build.0 = Debug|Any CPU
		{2C03A3A4-3380-4F6D-8C68-24E60A77E989}.Release (2.0)|Any CPU.ActiveCfg = Release|Any CPU
		{2C03A3A4-3380-4F6D-8C68-24E60A77E989}.Release (2.0)|Any CPU.Build.0 = Release|Any CPU
		{2C03A3A4-3380-4F6D-8C68-24E60A77E989}.Release (4.0)|Any CPU.ActiveCfg = Release|Any CPU
		{2C03A3A4-3380-4F6D-8C68-24E60A77E989}.Release (4.0)|Any CPU.Build.0 = Release|Any CPU
		{2C03A3A4-3380-4F6D-8C68-24E60A77E989}.Release|Any CPU.ActiveCfg = Release|Any CPU
		{2C03A3A4-3380-4F6D-8C68-24E60A77E989}.Release|Any CPU.Build.0 = Release|Any CPU
		{2C03A3A4-3380-4F6D-8C68-24E60A77E989}.V35|Any CPU.ActiveCfg = Release|Any CPU
		{2C03A3A4-3380-4F6D-8C68-24E60A77E989}.V35|Any CPU.Build.0 = Release|Any CPU
		{2C03A3A4-3380-4F6D-8C68-24E60A77E989}.V4|Any CPU.ActiveCfg = Release|Any CPU
		{2C03A3A4-3380-4F6D-8C68-24E60A77E989}.V4|Any CPU.Build.0 = Release|Any CPU
		{B926738C-23ED-4F98-8515-669EAC0D7ED8}.Debug|Any CPU.ActiveCfg = Debug|Any CPU
		{B926738C-23ED-4F98-8515-669EAC0D7ED8}.Debug|Any CPU.Build.0 = Debug|Any CPU
		{B926738C-23ED-4F98-8515-669EAC0D7ED8}.Release (2.0)|Any CPU.ActiveCfg = Release|Any CPU
		{B926738C-23ED-4F98-8515-669EAC0D7ED8}.Release (2.0)|Any CPU.Build.0 = Release|Any CPU
		{B926738C-23ED-4F98-8515-669EAC0D7ED8}.Release (4.0)|Any CPU.ActiveCfg = Release|Any CPU
		{B926738C-23ED-4F98-8515-669EAC0D7ED8}.Release (4.0)|Any CPU.Build.0 = Release|Any CPU
		{B926738C-23ED-4F98-8515-669EAC0D7ED8}.Release|Any CPU.ActiveCfg = Release|Any CPU
		{B926738C-23ED-4F98-8515-669EAC0D7ED8}.Release|Any CPU.Build.0 = Release|Any CPU
		{B926738C-23ED-4F98-8515-669EAC0D7ED8}.V35|Any CPU.ActiveCfg = Release|Any CPU
		{B926738C-23ED-4F98-8515-669EAC0D7ED8}.V35|Any CPU.Build.0 = Release|Any CPU
		{B926738C-23ED-4F98-8515-669EAC0D7ED8}.V4|Any CPU.ActiveCfg = Release|Any CPU
		{B926738C-23ED-4F98-8515-669EAC0D7ED8}.V4|Any CPU.Build.0 = Release|Any CPU
		{774724E6-7D0A-4A21-9A21-436872928932}.Debug|Any CPU.ActiveCfg = Debug|Any CPU
		{774724E6-7D0A-4A21-9A21-436872928932}.Release (2.0)|Any CPU.ActiveCfg = Release|Any CPU
		{774724E6-7D0A-4A21-9A21-436872928932}.Release (2.0)|Any CPU.Build.0 = Release|Any CPU
		{774724E6-7D0A-4A21-9A21-436872928932}.Release (4.0)|Any CPU.ActiveCfg = Release|Any CPU
		{774724E6-7D0A-4A21-9A21-436872928932}.Release (4.0)|Any CPU.Build.0 = Release|Any CPU
		{774724E6-7D0A-4A21-9A21-436872928932}.Release|Any CPU.ActiveCfg = Release|Any CPU
		{774724E6-7D0A-4A21-9A21-436872928932}.V35|Any CPU.ActiveCfg = Release|Any CPU
		{774724E6-7D0A-4A21-9A21-436872928932}.V35|Any CPU.Build.0 = Release|Any CPU
		{774724E6-7D0A-4A21-9A21-436872928932}.V4|Any CPU.ActiveCfg = Release|Any CPU
		{774724E6-7D0A-4A21-9A21-436872928932}.V4|Any CPU.Build.0 = Release|Any CPU
		{B63C9A57-9B26-4E51-8D24-E799FEF3555C}.Debug|Any CPU.ActiveCfg = Debug|Any CPU
		{B63C9A57-9B26-4E51-8D24-E799FEF3555C}.Debug|Any CPU.Build.0 = Debug|Any CPU
		{B63C9A57-9B26-4E51-8D24-E799FEF3555C}.Release (2.0)|Any CPU.ActiveCfg = Release|Any CPU
		{B63C9A57-9B26-4E51-8D24-E799FEF3555C}.Release (2.0)|Any CPU.Build.0 = Release|Any CPU
		{B63C9A57-9B26-4E51-8D24-E799FEF3555C}.Release (4.0)|Any CPU.ActiveCfg = Release|Any CPU
		{B63C9A57-9B26-4E51-8D24-E799FEF3555C}.Release (4.0)|Any CPU.Build.0 = Release|Any CPU
		{B63C9A57-9B26-4E51-8D24-E799FEF3555C}.Release|Any CPU.ActiveCfg = Release|Any CPU
		{B63C9A57-9B26-4E51-8D24-E799FEF3555C}.Release|Any CPU.Build.0 = Release|Any CPU
		{B63C9A57-9B26-4E51-8D24-E799FEF3555C}.V35|Any CPU.ActiveCfg = Release|Any CPU
		{B63C9A57-9B26-4E51-8D24-E799FEF3555C}.V35|Any CPU.Build.0 = Release|Any CPU
		{B63C9A57-9B26-4E51-8D24-E799FEF3555C}.V4|Any CPU.ActiveCfg = Release|Any CPU
		{B63C9A57-9B26-4E51-8D24-E799FEF3555C}.V4|Any CPU.Build.0 = Release|Any CPU
	EndGlobalSection
	GlobalSection(SolutionProperties) = preSolution
		HideSolutionNode = FALSE
	EndGlobalSection
	GlobalSection(NestedProjects) = preSolution
		{2BC4F96F-4987-4935-A2F7-2A8D249BC4E1} = {9314741A-F84D-427F-8C3D-067B0306399E}
		{6701E29A-B4EB-42F2-B724-6969014FE2F5} = {9314741A-F84D-427F-8C3D-067B0306399E}
		{DD68919F-3272-4093-B62C-1DE18894C305} = {9314741A-F84D-427F-8C3D-067B0306399E}
		{61EEF91B-22ED-48F0-83EB-CDC7431C5BDE} = {1A5F61C5-32E7-4D55-99FD-38F5E6A2F2DE}
		{3CF8EE6F-506F-4D47-8368-D6C6B9FA42E3} = {1A5F61C5-32E7-4D55-99FD-38F5E6A2F2DE}
		{30AC1FB6-EB29-4E4E-92C4-0481C503215C} = {1A5F61C5-32E7-4D55-99FD-38F5E6A2F2DE}
		{D08E0834-B25A-40A5-9C8E-31D4FB050DF4} = {1A5F61C5-32E7-4D55-99FD-38F5E6A2F2DE}
		{2C03A3A4-3380-4F6D-8C68-24E60A77E989} = {7263F61A-8B59-4CBC-9E22-A6D80B581761}
		{B926738C-23ED-4F98-8515-669EAC0D7ED8} = {7263F61A-8B59-4CBC-9E22-A6D80B581761}
		{774724E6-7D0A-4A21-9A21-436872928932} = {1A5F61C5-32E7-4D55-99FD-38F5E6A2F2DE}
		{B63C9A57-9B26-4E51-8D24-E799FEF3555C} = {7263F61A-8B59-4CBC-9E22-A6D80B581761}
	EndGlobalSection
	GlobalSection(ExtensibilityGlobals) = postSolution
		SolutionGuid = {B0F944CB-983A-48C8-A84B-04C0D462518E}
	EndGlobalSection
EndGlobal
